
Microsoft Visual Studio Solution File, Format Version 12.00
# Visual Studio Version 17
VisualStudioVersion = 17.11.35312.102
MinimumVisualStudioVersion = 10.0.40219.1
Project("{9A19103F-16F7-4668-BE54-9A1E7A4F7556}") = "DataAccess", "DataAccess\DataAccess.csproj", "{CFC211EB-DD1B-4F07-84D4-B51F6395A275}"
EndProject
Project("{9A19103F-16F7-4668-BE54-9A1E7A4F7556}") = "Factory", "Factory\Factory.csproj", "{A379E9BA-3A96-4854-AB6E-79201BD48114}"
EndProject
Project("{9A19103F-16F7-4668-BE54-9A1E7A4F7556}") = "DTO", "DTO\DTO.csproj", "{2A91A158-BF72-4236-A33A-3E3C05E93875}"
EndProject
Project("{9A19103F-16F7-4668-BE54-9A1E7A4F7556}") = "RoundedBorders", "RoundedBorders\RoundedBorders.csproj", "{D849B72A-717D-42C6-A083-7BF81E4DDB28}"
EndProject
Project("{9A19103F-16F7-4668-BE54-9A1E7A4F7556}") = "WinFormsApp", "WinFormsApp\WinFormsApp.csproj", "{6AC0B5CB-B83F-4ED0-BFFE-9C0B3C9E0BAD}"
EndProject
Project("{2150E333-8FDC-42A3-9474-1A3956D46DE8}") = "Logica", "Logica", "{85A92BB9-D4D5-4A94-8291-3DC1AD2DD953}"
EndProject
Project("{2150E333-8FDC-42A3-9474-1A3956D46DE8}") = "Aplicacion", "Aplicacion", "{141A251A-46CE-44D9-B88A-894DE0496F89}"
EndProject
Global
	GlobalSection(SolutionConfigurationPlatforms) = preSolution
		Debug|Any CPU = Debug|Any CPU
		Release|Any CPU = Release|Any CPU
	EndGlobalSection
	GlobalSection(ProjectConfigurationPlatforms) = postSolution
		{CFC211EB-DD1B-4F07-84D4-B51F6395A275}.Debug|Any CPU.ActiveCfg = Debug|Any CPU
		{CFC211EB-DD1B-4F07-84D4-B51F6395A275}.Debug|Any CPU.Build.0 = Debug|Any CPU
		{CFC211EB-DD1B-4F07-84D4-B51F6395A275}.Release|Any CPU.ActiveCfg = Release|Any CPU
		{CFC211EB-DD1B-4F07-84D4-B51F6395A275}.Release|Any CPU.Build.0 = Release|Any CPU
		{A379E9BA-3A96-4854-AB6E-79201BD48114}.Debug|Any CPU.ActiveCfg = Debug|Any CPU
		{A379E9BA-3A96-4854-AB6E-79201BD48114}.Debug|Any CPU.Build.0 = Debug|Any CPU
		{A379E9BA-3A96-4854-AB6E-79201BD48114}.Release|Any CPU.ActiveCfg = Release|Any CPU
		{A379E9BA-3A96-4854-AB6E-79201BD48114}.Release|Any CPU.Build.0 = Release|Any CPU
		{2A91A158-BF72-4236-A33A-3E3C05E93875}.Debug|Any CPU.ActiveCfg = Debug|Any CPU
		{2A91A158-BF72-4236-A33A-3E3C05E93875}.Debug|Any CPU.Build.0 = Debug|Any CPU
		{2A91A158-BF72-4236-A33A-3E3C05E93875}.Release|Any CPU.ActiveCfg = Release|Any CPU
		{2A91A158-BF72-4236-A33A-3E3C05E93875}.Release|Any CPU.Build.0 = Release|Any CPU
		{D849B72A-717D-42C6-A083-7BF81E4DDB28}.Debug|Any CPU.ActiveCfg = Debug|Any CPU
		{D849B72A-717D-42C6-A083-7BF81E4DDB28}.Debug|Any CPU.Build.0 = Debug|Any CPU
		{D849B72A-717D-42C6-A083-7BF81E4DDB28}.Release|Any CPU.ActiveCfg = Release|Any CPU
		{D849B72A-717D-42C6-A083-7BF81E4DDB28}.Release|Any CPU.Build.0 = Release|Any CPU
		{6AC0B5CB-B83F-4ED0-BFFE-9C0B3C9E0BAD}.Debug|Any CPU.ActiveCfg = Debug|Any CPU
		{6AC0B5CB-B83F-4ED0-BFFE-9C0B3C9E0BAD}.Debug|Any CPU.Build.0 = Debug|Any CPU
		{6AC0B5CB-B83F-4ED0-BFFE-9C0B3C9E0BAD}.Release|Any CPU.ActiveCfg = Release|Any CPU
		{6AC0B5CB-B83F-4ED0-BFFE-9C0B3C9E0BAD}.Release|Any CPU.Build.0 = Release|Any CPU
	EndGlobalSection
	GlobalSection(SolutionProperties) = preSolution
		HideSolutionNode = FALSE
	EndGlobalSection
	GlobalSection(NestedProjects) = preSolution
		{CFC211EB-DD1B-4F07-84D4-B51F6395A275} = {85A92BB9-D4D5-4A94-8291-3DC1AD2DD953}
		{A379E9BA-3A96-4854-AB6E-79201BD48114} = {85A92BB9-D4D5-4A94-8291-3DC1AD2DD953}
		{2A91A158-BF72-4236-A33A-3E3C05E93875} = {85A92BB9-D4D5-4A94-8291-3DC1AD2DD953}
		{D849B72A-717D-42C6-A083-7BF81E4DDB28} = {141A251A-46CE-44D9-B88A-894DE0496F89}
		{6AC0B5CB-B83F-4ED0-BFFE-9C0B3C9E0BAD} = {141A251A-46CE-44D9-B88A-894DE0496F89}
	EndGlobalSection
	GlobalSection(ExtensibilityGlobals) = postSolution
		SolutionGuid = {ED3FE830-E73A-4204-83EE-53EAA31C8840}
	EndGlobalSection
EndGlobal
